
Microsoft Visual Studio Solution File, Format Version 12.00
# Visual Studio Version 17
VisualStudioVersion = 17.11.35219.272
MinimumVisualStudioVersion = 10.0.40219.1
Project("{FAE04EC0-301F-11D3-BF4B-00C04F79EFBC}") = "MyMockAPI", "MyMockAPI\MyMockAPI.csproj", "{67F7913D-F927-4DCA-891F-25B58ACABD44}"
EndProject
Global
	GlobalSection(SolutionConfigurationPlatforms) = preSolution
		Debug|Any CPU = Debug|Any CPU
		Release|Any CPU = Release|Any CPU
	EndGlobalSection
	GlobalSection(ProjectConfigurationPlatforms) = postSolution
		{67F7913D-F927-4DCA-891F-25B58ACABD44}.Debug|Any CPU.ActiveCfg = Debug|Any CPU
		{67F7913D-F927-4DCA-891F-25B58ACABD44}.Debug|Any CPU.Build.0 = Debug|Any CPU
		{67F7913D-F927-4DCA-891F-25B58ACABD44}.Release|Any CPU.ActiveCfg = Release|Any CPU
		{67F7913D-F927-4DCA-891F-25B58ACABD44}.Release|Any CPU.Build.0 = Release|Any CPU
	EndGlobalSection
	GlobalSection(SolutionProperties) = preSolution
		HideSolutionNode = FALSE
	EndGlobalSection
	GlobalSection(ExtensibilityGlobals) = postSolution
		SolutionGuid = {D0BC07E6-3500-461A-8754-F8093294AD6B}
	EndGlobalSection
EndGlobal
